
Microsoft Visual Studio Solution File, Format Version 12.00
# Visual Studio 2012
Project("{FAE04EC0-301F-11D3-BF4B-00C04F79EFBC}") = "FizzBuzz", "FizzBuzz\FizzBuzz.csproj", "{B00D7733-35F3-4DC8-AC17-F6B9EF527498}"
EndProject
Global
	GlobalSection(SolutionConfigurationPlatforms) = preSolution
		Debug|Any CPU = Debug|Any CPU
		Release|Any CPU = Release|Any CPU
	EndGlobalSection
	GlobalSection(ProjectConfigurationPlatforms) = postSolution
		{B00D7733-35F3-4DC8-AC17-F6B9EF527498}.Debug|Any CPU.ActiveCfg = Debug|Any CPU
		{B00D7733-35F3-4DC8-AC17-F6B9EF527498}.Debug|Any CPU.Build.0 = Debug|Any CPU
		{B00D7733-35F3-4DC8-AC17-F6B9EF527498}.Release|Any CPU.ActiveCfg = Release|Any CPU
		{B00D7733-35F3-4DC8-AC17-F6B9EF527498}.Release|Any CPU.Build.0 = Release|Any CPU
	EndGlobalSection
	GlobalSection(SolutionProperties) = preSolution
		HideSolutionNode = FALSE
	EndGlobalSection
EndGlobal
